// !$*UTF8*$!
{
	archiveVersion = 1;
	classes = {
	};
	objectVersion = 56;
	objects = {

/* Begin PBXBuildFile section */
		963E25B8294F234100B545F7 /* AppDelegate.swift in Sources */ = {isa = PBXBuildFile; fileRef = 963E25B7294F234100B545F7 /* AppDelegate.swift */; };
		963E25BA294F234100B545F7 /* SceneDelegate.swift in Sources */ = {isa = PBXBuildFile; fileRef = 963E25B9294F234100B545F7 /* SceneDelegate.swift */; };
		963E25BC294F234100B545F7 /* ViewController.swift in Sources */ = {isa = PBXBuildFile; fileRef = 963E25BB294F234100B545F7 /* ViewController.swift */; };
		963E25BF294F234100B545F7 /* Main.storyboard in Resources */ = {isa = PBXBuildFile; fileRef = 963E25BD294F234100B545F7 /* Main.storyboard */; };
		963E25C1294F234100B545F7 /* Assets.xcassets in Resources */ = {isa = PBXBuildFile; fileRef = 963E25C0294F234100B545F7 /* Assets.xcassets */; };
		963E25C4294F234100B545F7 /* LaunchScreen.storyboard in Resources */ = {isa = PBXBuildFile; fileRef = 963E25C2294F234100B545F7 /* LaunchScreen.storyboard */; };
		963E25CF294F234100B545F7 /* GokuApi_practica_iOSTests.swift in Sources */ = {isa = PBXBuildFile; fileRef = 963E25CE294F234100B545F7 /* GokuApi_practica_iOSTests.swift */; };
		963E25D9294F234100B545F7 /* GokuApi_practica_iOSUITests.swift in Sources */ = {isa = PBXBuildFile; fileRef = 963E25D8294F234100B545F7 /* GokuApi_practica_iOSUITests.swift */; };
		963E25DB294F234100B545F7 /* GokuApi_practica_iOSUITestsLaunchTests.swift in Sources */ = {isa = PBXBuildFile; fileRef = 963E25DA294F234100B545F7 /* GokuApi_practica_iOSUITestsLaunchTests.swift */; };
/* End PBXBuildFile section */

/* Begin PBXContainerItemProxy section */
		963E25CB294F234100B545F7 /* PBXContainerItemProxy */ = {
			isa = PBXContainerItemProxy;
			containerPortal = 963E25AC294F234100B545F7 /* Project object */;
			proxyType = 1;
			remoteGlobalIDString = 963E25B3294F234100B545F7;
			remoteInfo = "GokuApi-practica-iOS";
		};
		963E25D5294F234100B545F7 /* PBXContainerItemProxy */ = {
			isa = PBXContainerItemProxy;
			containerPortal = 963E25AC294F234100B545F7 /* Project object */;
			proxyType = 1;
			remoteGlobalIDString = 963E25B3294F234100B545F7;
			remoteInfo = "GokuApi-practica-iOS";
		};
/* End PBXContainerItemProxy section */

/* Begin PBXFileReference section */
		963E25B4294F234100B545F7 /* GokuApi-practica-iOS.app */ = {isa = PBXFileReference; explicitFileType = wrapper.application; includeInIndex = 0; path = "GokuApi-practica-iOS.app"; sourceTree = BUILT_PRODUCTS_DIR; };
		963E25B7294F234100B545F7 /* AppDelegate.swift */ = {isa = PBXFileReference; lastKnownFileType = sourcecode.swift; path = AppDelegate.swift; sourceTree = "<group>"; };
		963E25B9294F234100B545F7 /* SceneDelegate.swift */ = {isa = PBXFileReference; lastKnownFileType = sourcecode.swift; path = SceneDelegate.swift; sourceTree = "<group>"; };
		963E25BB294F234100B545F7 /* ViewController.swift */ = {isa = PBXFileReference; lastKnownFileType = sourcecode.swift; path = ViewController.swift; sourceTree = "<group>"; };
		963E25BE294F234100B545F7 /* Base */ = {isa = PBXFileReference; lastKnownFileType = file.storyboard; name = Base; path = Base.lproj/Main.storyboard; sourceTree = "<group>"; };
		963E25C0294F234100B545F7 /* Assets.xcassets */ = {isa = PBXFileReference; lastKnownFileType = folder.assetcatalog; path = Assets.xcassets; sourceTree = "<group>"; };
		963E25C3294F234100B545F7 /* Base */ = {isa = PBXFileReference; lastKnownFileType = file.storyboard; name = Base; path = Base.lproj/LaunchScreen.storyboard; sourceTree = "<group>"; };
		963E25C5294F234100B545F7 /* Info.plist */ = {isa = PBXFileReference; lastKnownFileType = text.plist.xml; path = Info.plist; sourceTree = "<group>"; };
		963E25CA294F234100B545F7 /* GokuApi-practica-iOSTests.xctest */ = {isa = PBXFileReference; explicitFileType = wrapper.cfbundle; includeInIndex = 0; path = "GokuApi-practica-iOSTests.xctest"; sourceTree = BUILT_PRODUCTS_DIR; };
		963E25CE294F234100B545F7 /* GokuApi_practica_iOSTests.swift */ = {isa = PBXFileReference; lastKnownFileType = sourcecode.swift; path = GokuApi_practica_iOSTests.swift; sourceTree = "<group>"; };
		963E25D4294F234100B545F7 /* GokuApi-practica-iOSUITests.xctest */ = {isa = PBXFileReference; explicitFileType = wrapper.cfbundle; includeInIndex = 0; path = "GokuApi-practica-iOSUITests.xctest"; sourceTree = BUILT_PRODUCTS_DIR; };
		963E25D8294F234100B545F7 /* GokuApi_practica_iOSUITests.swift */ = {isa = PBXFileReference; lastKnownFileType = sourcecode.swift; path = GokuApi_practica_iOSUITests.swift; sourceTree = "<group>"; };
		963E25DA294F234100B545F7 /* GokuApi_practica_iOSUITestsLaunchTests.swift */ = {isa = PBXFileReference; lastKnownFileType = sourcecode.swift; path = GokuApi_practica_iOSUITestsLaunchTests.swift; sourceTree = "<group>"; };
/* End PBXFileReference section */

/* Begin PBXFrameworksBuildPhase section */
		963E25B1294F234100B545F7 /* Frameworks */ = {
			isa = PBXFrameworksBuildPhase;
			buildActionMask = 2147483647;
			files = (
			);
			runOnlyForDeploymentPostprocessing = 0;
		};
		963E25C7294F234100B545F7 /* Frameworks */ = {
			isa = PBXFrameworksBuildPhase;
			buildActionMask = 2147483647;
			files = (
			);
			runOnlyForDeploymentPostprocessing = 0;
		};
		963E25D1294F234100B545F7 /* Frameworks */ = {
			isa = PBXFrameworksBuildPhase;
			buildActionMask = 2147483647;
			files = (
			);
			runOnlyForDeploymentPostprocessing = 0;
		};
/* End PBXFrameworksBuildPhase section */

/* Begin PBXGroup section */
		963E25AB294F234100B545F7 = {
			isa = PBXGroup;
			children = (
				963E25B6294F234100B545F7 /* GokuApi-practica-iOS */,
				963E25CD294F234100B545F7 /* GokuApi-practica-iOSTests */,
				963E25D7294F234100B545F7 /* GokuApi-practica-iOSUITests */,
				963E25B5294F234100B545F7 /* Products */,
			);
			sourceTree = "<group>";
		};
		963E25B5294F234100B545F7 /* Products */ = {
			isa = PBXGroup;
			children = (
				963E25B4294F234100B545F7 /* GokuApi-practica-iOS.app */,
				963E25CA294F234100B545F7 /* GokuApi-practica-iOSTests.xctest */,
				963E25D4294F234100B545F7 /* GokuApi-practica-iOSUITests.xctest */,
			);
			name = Products;
			sourceTree = "<group>";
		};
		963E25B6294F234100B545F7 /* GokuApi-practica-iOS */ = {
			isa = PBXGroup;
			children = (
				963E25B7294F234100B545F7 /* AppDelegate.swift */,
				963E25B9294F234100B545F7 /* SceneDelegate.swift */,
				963E25BB294F234100B545F7 /* ViewController.swift */,
				963E25BD294F234100B545F7 /* Main.storyboard */,
				963E25C0294F234100B545F7 /* Assets.xcassets */,
				963E25C2294F234100B545F7 /* LaunchScreen.storyboard */,
				963E25C5294F234100B545F7 /* Info.plist */,
			);
			path = "GokuApi-practica-iOS";
			sourceTree = "<group>";
		};
		963E25CD294F234100B545F7 /* GokuApi-practica-iOSTests */ = {
			isa = PBXGroup;
			children = (
				963E25CE294F234100B545F7 /* GokuApi_practica_iOSTests.swift */,
			);
			path = "GokuApi-practica-iOSTests";
			sourceTree = "<group>";
		};
		963E25D7294F234100B545F7 /* GokuApi-practica-iOSUITests */ = {
			isa = PBXGroup;
			children = (
				963E25D8294F234100B545F7 /* GokuApi_practica_iOSUITests.swift */,
				963E25DA294F234100B545F7 /* GokuApi_practica_iOSUITestsLaunchTests.swift */,
			);
			path = "GokuApi-practica-iOSUITests";
			sourceTree = "<group>";
		};
/* End PBXGroup section */

/* Begin PBXNativeTarget section */
		963E25B3294F234100B545F7 /* GokuApi-practica-iOS */ = {
			isa = PBXNativeTarget;
			buildConfigurationList = 963E25DE294F234100B545F7 /* Build configuration list for PBXNativeTarget "GokuApi-practica-iOS" */;
			buildPhases = (
				963E25B0294F234100B545F7 /* Sources */,
				963E25B1294F234100B545F7 /* Frameworks */,
				963E25B2294F234100B545F7 /* Resources */,
			);
			buildRules = (
			);
			dependencies = (
			);
			name = "GokuApi-practica-iOS";
			productName = "GokuApi-practica-iOS";
			productReference = 963E25B4294F234100B545F7 /* GokuApi-practica-iOS.app */;
			productType = "com.apple.product-type.application";
		};
		963E25C9294F234100B545F7 /* GokuApi-practica-iOSTests */ = {
			isa = PBXNativeTarget;
			buildConfigurationList = 963E25E1294F234100B545F7 /* Build configuration list for PBXNativeTarget "GokuApi-practica-iOSTests" */;
			buildPhases = (
				963E25C6294F234100B545F7 /* Sources */,
				963E25C7294F234100B545F7 /* Frameworks */,
				963E25C8294F234100B545F7 /* Resources */,
			);
			buildRules = (
			);
			dependencies = (
				963E25CC294F234100B545F7 /* PBXTargetDependency */,
			);
			name = "GokuApi-practica-iOSTests";
			productName = "GokuApi-practica-iOSTests";
			productReference = 963E25CA294F234100B545F7 /* GokuApi-practica-iOSTests.xctest */;
			productType = "com.apple.product-type.bundle.unit-test";
		};
		963E25D3294F234100B545F7 /* GokuApi-practica-iOSUITests */ = {
			isa = PBXNativeTarget;
			buildConfigurationList = 963E25E4294F234100B545F7 /* Build configuration list for PBXNativeTarget "GokuApi-practica-iOSUITests" */;
			buildPhases = (
				963E25D0294F234100B545F7 /* Sources */,
				963E25D1294F234100B545F7 /* Frameworks */,
				963E25D2294F234100B545F7 /* Resources */,
			);
			buildRules = (
			);
			dependencies = (
				963E25D6294F234100B545F7 /* PBXTargetDependency */,
			);
			name = "GokuApi-practica-iOSUITests";
			productName = "GokuApi-practica-iOSUITests";
			productReference = 963E25D4294F234100B545F7 /* GokuApi-practica-iOSUITests.xctest */;
			productType = "com.apple.product-type.bundle.ui-testing";
		};
/* End PBXNativeTarget section */

/* Begin PBXProject section */
		963E25AC294F234100B545F7 /* Project object */ = {
			isa = PBXProject;
			attributes = {
				BuildIndependentTargetsInParallel = 1;
				LastSwiftUpdateCheck = 1420;
				LastUpgradeCheck = 1420;
				TargetAttributes = {
					963E25B3294F234100B545F7 = {
						CreatedOnToolsVersion = 14.2;
					};
					963E25C9294F234100B545F7 = {
						CreatedOnToolsVersion = 14.2;
						TestTargetID = 963E25B3294F234100B545F7;
					};
					963E25D3294F234100B545F7 = {
						CreatedOnToolsVersion = 14.2;
						TestTargetID = 963E25B3294F234100B545F7;
					};
				};
			};
			buildConfigurationList = 963E25AF294F234100B545F7 /* Build configuration list for PBXProject "GokuApi-practica-iOS" */;
			compatibilityVersion = "Xcode 14.0";
			developmentRegion = en;
			hasScannedForEncodings = 0;
			knownRegions = (
				en,
				Base,
			);
			mainGroup = 963E25AB294F234100B545F7;
			productRefGroup = 963E25B5294F234100B545F7 /* Products */;
			projectDirPath = "";
			projectRoot = "";
			targets = (
				963E25B3294F234100B545F7 /* GokuApi-practica-iOS */,
				963E25C9294F234100B545F7 /* GokuApi-practica-iOSTests */,
				963E25D3294F234100B545F7 /* GokuApi-practica-iOSUITests */,
			);
		};
/* End PBXProject section */

/* Begin PBXResourcesBuildPhase section */
		963E25B2294F234100B545F7 /* Resources */ = {
			isa = PBXResourcesBuildPhase;
			buildActionMask = 2147483647;
			files = (
				963E25C4294F234100B545F7 /* LaunchScreen.storyboard in Resources */,
				963E25C1294F234100B545F7 /* Assets.xcassets in Resources */,
				963E25BF294F234100B545F7 /* Main.storyboard in Resources */,
			);
			runOnlyForDeploymentPostprocessing = 0;
		};
		963E25C8294F234100B545F7 /* Resources */ = {
			isa = PBXResourcesBuildPhase;
			buildActionMask = 2147483647;
			files = (
			);
			runOnlyForDeploymentPostprocessing = 0;
		};
		963E25D2294F234100B545F7 /* Resources */ = {
			isa = PBXResourcesBuildPhase;
			buildActionMask = 2147483647;
			files = (
			);
			runOnlyForDeploymentPostprocessing = 0;
		};
/* End PBXResourcesBuildPhase section */

/* Begin PBXSourcesBuildPhase section */
		963E25B0294F234100B545F7 /* Sources */ = {
			isa = PBXSourcesBuildPhase;
			buildActionMask = 2147483647;
			files = (
				963E25BC294F234100B545F7 /* ViewController.swift in Sources */,
				963E25B8294F234100B545F7 /* AppDelegate.swift in Sources */,
				963E25BA294F234100B545F7 /* SceneDelegate.swift in Sources */,
			);
			runOnlyForDeploymentPostprocessing = 0;
		};
		963E25C6294F234100B545F7 /* Sources */ = {
			isa = PBXSourcesBuildPhase;
			buildActionMask = 2147483647;
			files = (
				963E25CF294F234100B545F7 /* GokuApi_practica_iOSTests.swift in Sources */,
			);
			runOnlyForDeploymentPostprocessing = 0;
		};
		963E25D0294F234100B545F7 /* Sources */ = {
			isa = PBXSourcesBuildPhase;
			buildActionMask = 2147483647;
			files = (
				963E25DB294F234100B545F7 /* GokuApi_practica_iOSUITestsLaunchTests.swift in Sources */,
				963E25D9294F234100B545F7 /* GokuApi_practica_iOSUITests.swift in Sources */,
			);
			runOnlyForDeploymentPostprocessing = 0;
		};
/* End PBXSourcesBuildPhase section */

/* Begin PBXTargetDependency section */
		963E25CC294F234100B545F7 /* PBXTargetDependency */ = {
			isa = PBXTargetDependency;
			target = 963E25B3294F234100B545F7 /* GokuApi-practica-iOS */;
			targetProxy = 963E25CB294F234100B545F7 /* PBXContainerItemProxy */;
		};
		963E25D6294F234100B545F7 /* PBXTargetDependency */ = {
			isa = PBXTargetDependency;
			target = 963E25B3294F234100B545F7 /* GokuApi-practica-iOS */;
			targetProxy = 963E25D5294F234100B545F7 /* PBXContainerItemProxy */;
		};
/* End PBXTargetDependency section */

/* Begin PBXVariantGroup section */
		963E25BD294F234100B545F7 /* Main.storyboard */ = {
			isa = PBXVariantGroup;
			children = (
				963E25BE294F234100B545F7 /* Base */,
			);
			name = Main.storyboard;
			sourceTree = "<group>";
		};
		963E25C2294F234100B545F7 /* LaunchScreen.storyboard */ = {
			isa = PBXVariantGroup;
			children = (
				963E25C3294F234100B545F7 /* Base */,
			);
			name = LaunchScreen.storyboard;
			sourceTree = "<group>";
		};
/* End PBXVariantGroup section */

/* Begin XCBuildConfiguration section */
		963E25DC294F234100B545F7 /* Debug */ = {
			isa = XCBuildConfiguration;
			buildSettings = {
				ALWAYS_SEARCH_USER_PATHS = NO;
				CLANG_ANALYZER_NONNULL = YES;
				CLANG_ANALYZER_NUMBER_OBJECT_CONVERSION = YES_AGGRESSIVE;
				CLANG_CXX_LANGUAGE_STANDARD = "gnu++20";
				CLANG_ENABLE_MODULES = YES;
				CLANG_ENABLE_OBJC_ARC = YES;
				CLANG_ENABLE_OBJC_WEAK = YES;
				CLANG_WARN_BLOCK_CAPTURE_AUTORELEASING = YES;
				CLANG_WARN_BOOL_CONVERSION = YES;
				CLANG_WARN_COMMA = YES;
				CLANG_WARN_CONSTANT_CONVERSION = YES;
				CLANG_WARN_DEPRECATED_OBJC_IMPLEMENTATIONS = YES;
				CLANG_WARN_DIRECT_OBJC_ISA_USAGE = YES_ERROR;
				CLANG_WARN_DOCUMENTATION_COMMENTS = YES;
				CLANG_WARN_EMPTY_BODY = YES;
				CLANG_WARN_ENUM_CONVERSION = YES;
				CLANG_WARN_INFINITE_RECURSION = YES;
				CLANG_WARN_INT_CONVERSION = YES;
				CLANG_WARN_NON_LITERAL_NULL_CONVERSION = YES;
				CLANG_WARN_OBJC_IMPLICIT_RETAIN_SELF = YES;
				CLANG_WARN_OBJC_LITERAL_CONVERSION = YES;
				CLANG_WARN_OBJC_ROOT_CLASS = YES_ERROR;
				CLANG_WARN_QUOTED_INCLUDE_IN_FRAMEWORK_HEADER = YES;
				CLANG_WARN_RANGE_LOOP_ANALYSIS = YES;
				CLANG_WARN_STRICT_PROTOTYPES = YES;
				CLANG_WARN_SUSPICIOUS_MOVE = YES;
				CLANG_WARN_UNGUARDED_AVAILABILITY = YES_AGGRESSIVE;
				CLANG_WARN_UNREACHABLE_CODE = YES;
				CLANG_WARN__DUPLICATE_METHOD_MATCH = YES;
				COPY_PHASE_STRIP = NO;
				DEBUG_INFORMATION_FORMAT = dwarf;
				ENABLE_STRICT_OBJC_MSGSEND = YES;
				ENABLE_TESTABILITY = YES;
				GCC_C_LANGUAGE_STANDARD = gnu11;
				GCC_DYNAMIC_NO_PIC = NO;
				GCC_NO_COMMON_BLOCKS = YES;
				GCC_OPTIMIZATION_LEVEL = 0;
				GCC_PREPROCESSOR_DEFINITIONS = (
					"DEBUG=1",
					"$(inherited)",
				);
				GCC_WARN_64_TO_32_BIT_CONVERSION = YES;
				GCC_WARN_ABOUT_RETURN_TYPE = YES_ERROR;
				GCC_WARN_UNDECLARED_SELECTOR = YES;
				GCC_WARN_UNINITIALIZED_AUTOS = YES_AGGRESSIVE;
				GCC_WARN_UNUSED_FUNCTION = YES;
				GCC_WARN_UNUSED_VARIABLE = YES;
				IPHONEOS_DEPLOYMENT_TARGET = 16.2;
				MTL_ENABLE_DEBUG_INFO = INCLUDE_SOURCE;
				MTL_FAST_MATH = YES;
				ONLY_ACTIVE_ARCH = YES;
				SDKROOT = iphoneos;
				SWIFT_ACTIVE_COMPILATION_CONDITIONS = DEBUG;
				SWIFT_OPTIMIZATION_LEVEL = "-Onone";
			};
			name = Debug;
		};
		963E25DD294F234100B545F7 /* Release */ = {
			isa = XCBuildConfiguration;
			buildSettings = {
				ALWAYS_SEARCH_USER_PATHS = NO;
				CLANG_ANALYZER_NONNULL = YES;
				CLANG_ANALYZER_NUMBER_OBJECT_CONVERSION = YES_AGGRESSIVE;
				CLANG_CXX_LANGUAGE_STANDARD = "gnu++20";
				CLANG_ENABLE_MODULES = YES;
				CLANG_ENABLE_OBJC_ARC = YES;
				CLANG_ENABLE_OBJC_WEAK = YES;
				CLANG_WARN_BLOCK_CAPTURE_AUTORELEASING = YES;
				CLANG_WARN_BOOL_CONVERSION = YES;
				CLANG_WARN_COMMA = YES;
				CLANG_WARN_CONSTANT_CONVERSION = YES;
				CLANG_WARN_DEPRECATED_OBJC_IMPLEMENTATIONS = YES;
				CLANG_WARN_DIRECT_OBJC_ISA_USAGE = YES_ERROR;
				CLANG_WARN_DOCUMENTATION_COMMENTS = YES;
				CLANG_WARN_EMPTY_BODY = YES;
				CLANG_WARN_ENUM_CONVERSION = YES;
				CLANG_WARN_INFINITE_RECURSION = YES;
				CLANG_WARN_INT_CONVERSION = YES;
				CLANG_WARN_NON_LITERAL_NULL_CONVERSION = YES;
				CLANG_WARN_OBJC_IMPLICIT_RETAIN_SELF = YES;
				CLANG_WARN_OBJC_LITERAL_CONVERSION = YES;
				CLANG_WARN_OBJC_ROOT_CLASS = YES_ERROR;
				CLANG_WARN_QUOTED_INCLUDE_IN_FRAMEWORK_HEADER = YES;
				CLANG_WARN_RANGE_LOOP_ANALYSIS = YES;
				CLANG_WARN_STRICT_PROTOTYPES = YES;
				CLANG_WARN_SUSPICIOUS_MOVE = YES;
				CLANG_WARN_UNGUARDED_AVAILABILITY = YES_AGGRESSIVE;
				CLANG_WARN_UNREACHABLE_CODE = YES;
				CLANG_WARN__DUPLICATE_METHOD_MATCH = YES;
				COPY_PHASE_STRIP = NO;
				DEBUG_INFORMATION_FORMAT = "dwarf-with-dsym";
				ENABLE_NS_ASSERTIONS = NO;
				ENABLE_STRICT_OBJC_MSGSEND = YES;
				GCC_C_LANGUAGE_STANDARD = gnu11;
				GCC_NO_COMMON_BLOCKS = YES;
				GCC_WARN_64_TO_32_BIT_CONVERSION = YES;
				GCC_WARN_ABOUT_RETURN_TYPE = YES_ERROR;
				GCC_WARN_UNDECLARED_SELECTOR = YES;
				GCC_WARN_UNINITIALIZED_AUTOS = YES_AGGRESSIVE;
				GCC_WARN_UNUSED_FUNCTION = YES;
				GCC_WARN_UNUSED_VARIABLE = YES;
				IPHONEOS_DEPLOYMENT_TARGET = 16.2;
				MTL_ENABLE_DEBUG_INFO = NO;
				MTL_FAST_MATH = YES;
				SDKROOT = iphoneos;
				SWIFT_COMPILATION_MODE = wholemodule;
				SWIFT_OPTIMIZATION_LEVEL = "-O";
				VALIDATE_PRODUCT = YES;
			};
			name = Release;
		};
		963E25DF294F234100B545F7 /* Debug */ = {
			isa = XCBuildConfiguration;
			buildSettings = {
				ASSETCATALOG_COMPILER_APPICON_NAME = AppIcon;
				ASSETCATALOG_COMPILER_GLOBAL_ACCENT_COLOR_NAME = AccentColor;
				CODE_SIGN_STYLE = Automatic;
				CURRENT_PROJECT_VERSION = 1;
				GENERATE_INFOPLIST_FILE = YES;
				INFOPLIST_FILE = "GokuApi-practica-iOS/Info.plist";
				INFOPLIST_KEY_UIApplicationSupportsIndirectInputEvents = YES;
				INFOPLIST_KEY_UILaunchStoryboardName = LaunchScreen;
				INFOPLIST_KEY_UIMainStoryboardFile = Main;
				INFOPLIST_KEY_UISupportedInterfaceOrientations_iPad = "UIInterfaceOrientationPortrait UIInterfaceOrientationPortraitUpsideDown UIInterfaceOrientationLandscapeLeft UIInterfaceOrientationLandscapeRight";
				INFOPLIST_KEY_UISupportedInterfaceOrientations_iPhone = "UIInterfaceOrientationPortrait UIInterfaceOrientationLandscapeLeft UIInterfaceOrientationLandscapeRight";
				LD_RUNPATH_SEARCH_PATHS = (
					"$(inherited)",
					"@executable_path/Frameworks",
				);
				MARKETING_VERSION = 1.0;
				PRODUCT_BUNDLE_IDENTIFIER = "davinamedina.GokuApi-practica-iOS";
				PRODUCT_NAME = "$(TARGET_NAME)";
				SWIFT_EMIT_LOC_STRINGS = YES;
				SWIFT_VERSION = 5.0;
				TARGETED_DEVICE_FAMILY = "1,2";
			};
			name = Debug;
		};
		963E25E0294F234100B545F7 /* Release */ = {
			isa = XCBuildConfiguration;
			buildSettings = {
				ASSETCATALOG_COMPILER_APPICON_NAME = AppIcon;
				ASSETCATALOG_COMPILER_GLOBAL_ACCENT_COLOR_NAME = AccentColor;
				CODE_SIGN_STYLE = Automatic;
				CURRENT_PROJECT_VERSION = 1;
				GENERATE_INFOPLIST_FILE = YES;
				INFOPLIST_FILE = "GokuApi-practica-iOS/Info.plist";
				INFOPLIST_KEY_UIApplicationSupportsIndirectInputEvents = YES;
				INFOPLIST_KEY_UILaunchStoryboardName = LaunchScreen;
				INFOPLIST_KEY_UIMainStoryboardFile = Main;
				INFOPLIST_KEY_UISupportedInterfaceOrientations_iPad = "UIInterfaceOrientationPortrait UIInterfaceOrientationPortraitUpsideDown UIInterfaceOrientationLandscapeLeft UIInterfaceOrientationLandscapeRight";
				INFOPLIST_KEY_UISupportedInterfaceOrientations_iPhone = "UIInterfaceOrientationPortrait UIInterfaceOrientationLandscapeLeft UIInterfaceOrientationLandscapeRight";
				LD_RUNPATH_SEARCH_PATHS = (
					"$(inherited)",
					"@executable_path/Frameworks",
				);
				MARKETING_VERSION = 1.0;
				PRODUCT_BUNDLE_IDENTIFIER = "davinamedina.GokuApi-practica-iOS";
				PRODUCT_NAME = "$(TARGET_NAME)";
				SWIFT_EMIT_LOC_STRINGS = YES;
				SWIFT_VERSION = 5.0;
				TARGETED_DEVICE_FAMILY = "1,2";
			};
			name = Release;
		};
		963E25E2294F234100B545F7 /* Debug */ = {
			isa = XCBuildConfiguration;
			buildSettings = {
				ALWAYS_EMBED_SWIFT_STANDARD_LIBRARIES = YES;
				BUNDLE_LOADER = "$(TEST_HOST)";
				CODE_SIGN_STYLE = Automatic;
				CURRENT_PROJECT_VERSION = 1;
				GENERATE_INFOPLIST_FILE = YES;
				IPHONEOS_DEPLOYMENT_TARGET = 16.2;
				MARKETING_VERSION = 1.0;
				PRODUCT_BUNDLE_IDENTIFIER = "davinamedina.GokuApi-practica-iOSTests";
				PRODUCT_NAME = "$(TARGET_NAME)";
				SWIFT_EMIT_LOC_STRINGS = NO;
				SWIFT_VERSION = 5.0;
				TARGETED_DEVICE_FAMILY = "1,2";
				TEST_HOST = "$(BUILT_PRODUCTS_DIR)/GokuApi-practica-iOS.app/$(BUNDLE_EXECUTABLE_FOLDER_PATH)/GokuApi-practica-iOS";
			};
			name = Debug;
		};
		963E25E3294F234100B545F7 /* Release */ = {
			isa = XCBuildConfiguration;
			buildSettings = {
				ALWAYS_EMBED_SWIFT_STANDARD_LIBRARIES = YES;
				BUNDLE_LOADER = "$(TEST_HOST)";
				CODE_SIGN_STYLE = Automatic;
				CURRENT_PROJECT_VERSION = 1;
				GENERATE_INFOPLIST_FILE = YES;
				IPHONEOS_DEPLOYMENT_TARGET = 16.2;
				MARKETING_VERSION = 1.0;
				PRODUCT_BUNDLE_IDENTIFIER = "davinamedina.GokuApi-practica-iOSTests";
				PRODUCT_NAME = "$(TARGET_NAME)";
				SWIFT_EMIT_LOC_STRINGS = NO;
				SWIFT_VERSION = 5.0;
				TARGETED_DEVICE_FAMILY = "1,2";
				TEST_HOST = "$(BUILT_PRODUCTS_DIR)/GokuApi-practica-iOS.app/$(BUNDLE_EXECUTABLE_FOLDER_PATH)/GokuApi-practica-iOS";
			};
			name = Release;
		};
		963E25E5294F234100B545F7 /* Debug */ = {
			isa = XCBuildConfiguration;
			buildSettings = {
				ALWAYS_EMBED_SWIFT_STANDARD_LIBRARIES = YES;
				CODE_SIGN_STYLE = Automatic;
				CURRENT_PROJECT_VERSION = 1;
				GENERATE_INFOPLIST_FILE = YES;
				MARKETING_VERSION = 1.0;
				PRODUCT_BUNDLE_IDENTIFIER = "davinamedina.GokuApi-practica-iOSUITests";
				PRODUCT_NAME = "$(TARGET_NAME)";
				SWIFT_EMIT_LOC_STRINGS = NO;
				SWIFT_VERSION = 5.0;
				TARGETED_DEVICE_FAMILY = "1,2";
				TEST_TARGET_NAME = "GokuApi-practica-iOS";
			};
			name = Debug;
		};
		963E25E6294F234100B545F7 /* Release */ = {
			isa = XCBuildConfiguration;
			buildSettings = {
				ALWAYS_EMBED_SWIFT_STANDARD_LIBRARIES = YES;
				CODE_SIGN_STYLE = Automatic;
				CURRENT_PROJECT_VERSION = 1;
				GENERATE_INFOPLIST_FILE = YES;
				MARKETING_VERSION = 1.0;
				PRODUCT_BUNDLE_IDENTIFIER = "davinamedina.GokuApi-practica-iOSUITests";
				PRODUCT_NAME = "$(TARGET_NAME)";
				SWIFT_EMIT_LOC_STRINGS = NO;
				SWIFT_VERSION = 5.0;
				TARGETED_DEVICE_FAMILY = "1,2";
				TEST_TARGET_NAME = "GokuApi-practica-iOS";
			};
			name = Release;
		};
/* End XCBuildConfiguration section */

/* Begin XCConfigurationList section */
		963E25AF294F234100B545F7 /* Build configuration list for PBXProject "GokuApi-practica-iOS" */ = {
			isa = XCConfigurationList;
			buildConfigurations = (
				963E25DC294F234100B545F7 /* Debug */,
				963E25DD294F234100B545F7 /* Release */,
			);
			defaultConfigurationIsVisible = 0;
			defaultConfigurationName = Release;
		};
		963E25DE294F234100B545F7 /* Build configuration list for PBXNativeTarget "GokuApi-practica-iOS" */ = {
			isa = XCConfigurationList;
			buildConfigurations = (
				963E25DF294F234100B545F7 /* Debug */,
				963E25E0294F234100B545F7 /* Release */,
			);
			defaultConfigurationIsVisible = 0;
			defaultConfigurationName = Release;
		};
		963E25E1294F234100B545F7 /* Build configuration list for PBXNativeTarget "GokuApi-practica-iOSTests" */ = {
			isa = XCConfigurationList;
			buildConfigurations = (
				963E25E2294F234100B545F7 /* Debug */,
				963E25E3294F234100B545F7 /* Release */,
			);
			defaultConfigurationIsVisible = 0;
			defaultConfigurationName = Release;
		};
		963E25E4294F234100B545F7 /* Build configuration list for PBXNativeTarget "GokuApi-practica-iOSUITests" */ = {
			isa = XCConfigurationList;
			buildConfigurations = (
				963E25E5294F234100B545F7 /* Debug */,
				963E25E6294F234100B545F7 /* Release */,
			);
			defaultConfigurationIsVisible = 0;
			defaultConfigurationName = Release;
		};
/* End XCConfigurationList section */
	};
	rootObject = 963E25AC294F234100B545F7 /* Project object */;
}
